
Microsoft Visual Studio Solution File, Format Version 12.00
# Visual Studio Version 17
VisualStudioVersion = 17.7.34202.233
MinimumVisualStudioVersion = 10.0.40219.1
Project("{9A19103F-16F7-4668-BE54-9A1E7A4F7556}") = "HastaneProjem", "HastaneProjem\HastaneProjem.csproj", "{6E5DA3A4-366F-40DF-989A-AD1333A5A9EA}"
EndProject
Project("{FAE04EC0-301F-11D3-BF4B-00C04F79EFBC}") = "genel", "genel\genel.csproj", "{75DD352E-5E67-4B6E-9536-20C2C3552752}"
EndProject
Global
	GlobalSection(SolutionConfigurationPlatforms) = preSolution
		Debug|Any CPU = Debug|Any CPU
		Release|Any CPU = Release|Any CPU
	EndGlobalSection
	GlobalSection(ProjectConfigurationPlatforms) = postSolution
		{6E5DA3A4-366F-40DF-989A-AD1333A5A9EA}.Debug|Any CPU.ActiveCfg = Debug|Any CPU
		{6E5DA3A4-366F-40DF-989A-AD1333A5A9EA}.Debug|Any CPU.Build.0 = Debug|Any CPU
		{6E5DA3A4-366F-40DF-989A-AD1333A5A9EA}.Release|Any CPU.ActiveCfg = Release|Any CPU
		{6E5DA3A4-366F-40DF-989A-AD1333A5A9EA}.Release|Any CPU.Build.0 = Release|Any CPU
		{75DD352E-5E67-4B6E-9536-20C2C3552752}.Debug|Any CPU.ActiveCfg = Debug|Any CPU
		{75DD352E-5E67-4B6E-9536-20C2C3552752}.Debug|Any CPU.Build.0 = Debug|Any CPU
		{75DD352E-5E67-4B6E-9536-20C2C3552752}.Release|Any CPU.ActiveCfg = Release|Any CPU
		{75DD352E-5E67-4B6E-9536-20C2C3552752}.Release|Any CPU.Build.0 = Release|Any CPU
	EndGlobalSection
	GlobalSection(SolutionProperties) = preSolution
		HideSolutionNode = FALSE
	EndGlobalSection
	GlobalSection(ExtensibilityGlobals) = postSolution
		SolutionGuid = {AFC9D54C-393C-46B4-A517-15619464BE28}
	EndGlobalSection
EndGlobal
